
Microsoft Visual Studio Solution File, Format Version 12.00
# Visual Studio 14
VisualStudioVersion = 14.0.25420.1
MinimumVisualStudioVersion = 10.0.40219.1
Project("{FAE04EC0-301F-11D3-BF4B-00C04F79EFBC}") = "Ardi.ApacheNMS.Client", "Ardi.ApacheNMS.Client\Ardi.ApacheNMS.Client.csproj", "{C32104B4-0722-4AF3-A5D4-CED85C192DFB}"
EndProject
Project("{FAE04EC0-301F-11D3-BF4B-00C04F79EFBC}") = "Ardi.ApacheNMS.ExRequestResponse", "Ardi.ApacheNMS.ExRequestResponse\Ardi.ApacheNMS.ExRequestResponse.csproj", "{42ED6DE6-5F5F-4B90-B50C-8635F1C66A1E}"
EndProject
Project("{FAE04EC0-301F-11D3-BF4B-00C04F79EFBC}") = "Ardi.ApacheNMS.ExPubsub", "Ardi.ApacheNMS.ExPubsub\Ardi.ApacheNMS.ExPubsub.csproj", "{DC507E0B-FB37-4B84-96E5-11F5ED7EAA1B}"
EndProject
Project("{2150E333-8FDC-42A3-9474-1A3956D46DE8}") = "Docs", "Docs", "{738E46BB-8454-4B64-BEDE-DB6437044321}"
	ProjectSection(SolutionItems) = preProject
		LICENSE = LICENSE
		README.md = README.md
	EndProjectSection
EndProject
Global
	GlobalSection(SolutionConfigurationPlatforms) = preSolution
		Debug|Any CPU = Debug|Any CPU
		Dev|Any CPU = Dev|Any CPU
		Release|Any CPU = Release|Any CPU
		Test|Any CPU = Test|Any CPU
	EndGlobalSection
	GlobalSection(ProjectConfigurationPlatforms) = postSolution
		{C32104B4-0722-4AF3-A5D4-CED85C192DFB}.Debug|Any CPU.ActiveCfg = Debug|Any CPU
		{C32104B4-0722-4AF3-A5D4-CED85C192DFB}.Debug|Any CPU.Build.0 = Debug|Any CPU
		{C32104B4-0722-4AF3-A5D4-CED85C192DFB}.Dev|Any CPU.ActiveCfg = Dev|Any CPU
		{C32104B4-0722-4AF3-A5D4-CED85C192DFB}.Dev|Any CPU.Build.0 = Dev|Any CPU
		{C32104B4-0722-4AF3-A5D4-CED85C192DFB}.Release|Any CPU.ActiveCfg = Release|Any CPU
		{C32104B4-0722-4AF3-A5D4-CED85C192DFB}.Release|Any CPU.Build.0 = Release|Any CPU
		{C32104B4-0722-4AF3-A5D4-CED85C192DFB}.Test|Any CPU.ActiveCfg = Test|Any CPU
		{C32104B4-0722-4AF3-A5D4-CED85C192DFB}.Test|Any CPU.Build.0 = Test|Any CPU
		{42ED6DE6-5F5F-4B90-B50C-8635F1C66A1E}.Debug|Any CPU.ActiveCfg = Debug|Any CPU
		{42ED6DE6-5F5F-4B90-B50C-8635F1C66A1E}.Debug|Any CPU.Build.0 = Debug|Any CPU
		{42ED6DE6-5F5F-4B90-B50C-8635F1C66A1E}.Dev|Any CPU.ActiveCfg = Debug|Any CPU
		{42ED6DE6-5F5F-4B90-B50C-8635F1C66A1E}.Dev|Any CPU.Build.0 = Debug|Any CPU
		{42ED6DE6-5F5F-4B90-B50C-8635F1C66A1E}.Release|Any CPU.ActiveCfg = Release|Any CPU
		{42ED6DE6-5F5F-4B90-B50C-8635F1C66A1E}.Release|Any CPU.Build.0 = Release|Any CPU
		{42ED6DE6-5F5F-4B90-B50C-8635F1C66A1E}.Test|Any CPU.ActiveCfg = Release|Any CPU
		{42ED6DE6-5F5F-4B90-B50C-8635F1C66A1E}.Test|Any CPU.Build.0 = Release|Any CPU
		{DC507E0B-FB37-4B84-96E5-11F5ED7EAA1B}.Debug|Any CPU.ActiveCfg = Debug|Any CPU
		{DC507E0B-FB37-4B84-96E5-11F5ED7EAA1B}.Debug|Any CPU.Build.0 = Debug|Any CPU
		{DC507E0B-FB37-4B84-96E5-11F5ED7EAA1B}.Dev|Any CPU.ActiveCfg = Debug|Any CPU
		{DC507E0B-FB37-4B84-96E5-11F5ED7EAA1B}.Dev|Any CPU.Build.0 = Debug|Any CPU
		{DC507E0B-FB37-4B84-96E5-11F5ED7EAA1B}.Release|Any CPU.ActiveCfg = Release|Any CPU
		{DC507E0B-FB37-4B84-96E5-11F5ED7EAA1B}.Release|Any CPU.Build.0 = Release|Any CPU
		{DC507E0B-FB37-4B84-96E5-11F5ED7EAA1B}.Test|Any CPU.ActiveCfg = Release|Any CPU
		{DC507E0B-FB37-4B84-96E5-11F5ED7EAA1B}.Test|Any CPU.Build.0 = Release|Any CPU
	EndGlobalSection
	GlobalSection(SolutionProperties) = preSolution
		HideSolutionNode = FALSE
	EndGlobalSection
EndGlobal
